# This file was autogenerated by uv via the following command:
#    uv export --dev --format=requirements-txt --no-hashes --no-emit-project --output-file=tests/requirements-testing.lock
attrs==25.1.0
    # via running-stats
colorama==0.4.6 ; sys_platform == 'win32'
    # via pytest
coverage==7.12.0
    # via pytest-cov
exceptiongroup==1.2.2 ; python_full_version < '3.11'
    # via pytest
iniconfig==2.0.0
    # via pytest
mypy==1.15.0
mypy-extensions==1.0.0
    # via mypy
packaging==24.2
    # via pytest
pluggy==1.5.0
    # via
    #   pytest
    #   pytest-cov
pygments==2.19.2
    # via pytest
pytest==9.0.1
    # via pytest-cov
pytest-cov==7.0.0
ruff==0.9.7
tomli==2.2.1 ; python_full_version <= '3.11'
    # via
    #   coverage
    #   mypy
    #   pytest
typing-extensions==4.12.2
    # via mypy
